
Microsoft Visual Studio Solution File, Format Version 12.00
# Visual Studio Version 17
VisualStudioVersion = 17.1.32210.238
MinimumVisualStudioVersion = 10.0.40219.1
Project("{9A19103F-16F7-4668-BE54-9A1E7A4F7556}") = "Olive.Aws.Cdk", "Olive.Aws.Cdk.csproj", "{3517769B-4860-460A-913C-B848855E1D2B}"
EndProject
Global
	GlobalSection(SolutionConfigurationPlatforms) = preSolution
		Debug|Any CPU = Debug|Any CPU
		Release|Any CPU = Release|Any CPU
	EndGlobalSection
	GlobalSection(ProjectConfigurationPlatforms) = postSolution
		{3517769B-4860-460A-913C-B848855E1D2B}.Debug|Any CPU.ActiveCfg = Debug|Any CPU
		{3517769B-4860-460A-913C-B848855E1D2B}.Debug|Any CPU.Build.0 = Debug|Any CPU
		{3517769B-4860-460A-913C-B848855E1D2B}.Release|Any CPU.ActiveCfg = Release|Any CPU
		{3517769B-4860-460A-913C-B848855E1D2B}.Release|Any CPU.Build.0 = Release|Any CPU
	EndGlobalSection
	GlobalSection(SolutionProperties) = preSolution
		HideSolutionNode = FALSE
	EndGlobalSection
	GlobalSection(ExtensibilityGlobals) = postSolution
		SolutionGuid = {CDB1C2D5-5C1E-4CC0-B775-3FF0B2064AA7}
	EndGlobalSection
EndGlobal
